
Microsoft Visual Studio Solution File, Format Version 12.00
# Visual Studio Version 16
VisualStudioVersion = 16.0.29001.49
MinimumVisualStudioVersion = 10.0.40219.1
Project("{F2A71F9B-5D33-465A-A702-920D77279786}") = "stylish-fsharp", "stylish-fsharp\stylish-fsharp.fsproj", "{D4E919EF-4004-4CFE-B5C8-20E37A1EC239}"
EndProject
Global
	GlobalSection(SolutionConfigurationPlatforms) = preSolution
		Debug|Any CPU = Debug|Any CPU
		Release|Any CPU = Release|Any CPU
	EndGlobalSection
	GlobalSection(ProjectConfigurationPlatforms) = postSolution
		{D4E919EF-4004-4CFE-B5C8-20E37A1EC239}.Debug|Any CPU.ActiveCfg = Debug|Any CPU
		{D4E919EF-4004-4CFE-B5C8-20E37A1EC239}.Debug|Any CPU.Build.0 = Debug|Any CPU
		{D4E919EF-4004-4CFE-B5C8-20E37A1EC239}.Release|Any CPU.ActiveCfg = Release|Any CPU
		{D4E919EF-4004-4CFE-B5C8-20E37A1EC239}.Release|Any CPU.Build.0 = Release|Any CPU
	EndGlobalSection
	GlobalSection(SolutionProperties) = preSolution
		HideSolutionNode = FALSE
	EndGlobalSection
	GlobalSection(ExtensibilityGlobals) = postSolution
		SolutionGuid = {30CCE404-BF70-4FF2-8242-BC23C4057DAC}
	EndGlobalSection
EndGlobal
